PODS:
  - NavigationBarTransition (0.0.1-beta3)

DEPENDENCIES:
  - NavigationBarTransition (from `../NavigationBarTransition.podspec`)

EXTERNAL SOURCES:
  NavigationBarTransition:
    :path: ../NavigationBarTransition.podspec

SPEC CHECKSUMS:
  NavigationBarTransition: 62cfeec24dea911fb759bd493b9b024e8df37dfc

PODFILE CHECKSUM: 7b7e4e0a0eae20bb69ef0d36bb351af2a078f5fc

COCOAPODS: 1.4.0
